
Microsoft Visual Studio Solution File, Format Version 12.00
# Visual Studio Version 16
VisualStudioVersion = 16.0.30320.27
MinimumVisualStudioVersion = 10.0.40219.1
Project("{9A19103F-16F7-4668-BE54-9A1E7A4F7556}") = "CarAgency", "CarAgency\CarAgency.csproj", "{4A486B25-FA8C-4B3B-AF36-602528B48B2E}"
EndProject
Project("{9A19103F-16F7-4668-BE54-9A1E7A4F7556}") = "Domain", "Domain\Domain.csproj", "{201C0061-9411-4A3C-A36D-88C8F5605118}"
EndProject
Global
	GlobalSection(SolutionConfigurationPlatforms) = preSolution
		Debug|Any CPU = Debug|Any CPU
		Release|Any CPU = Release|Any CPU
	EndGlobalSection
	GlobalSection(ProjectConfigurationPlatforms) = postSolution
		{4A486B25-FA8C-4B3B-AF36-602528B48B2E}.Debug|Any CPU.ActiveCfg = Debug|Any CPU
		{4A486B25-FA8C-4B3B-AF36-602528B48B2E}.Debug|Any CPU.Build.0 = Debug|Any CPU
		{4A486B25-FA8C-4B3B-AF36-602528B48B2E}.Release|Any CPU.ActiveCfg = Release|Any CPU
		{4A486B25-FA8C-4B3B-AF36-602528B48B2E}.Release|Any CPU.Build.0 = Release|Any CPU
		{201C0061-9411-4A3C-A36D-88C8F5605118}.Debug|Any CPU.ActiveCfg = Debug|Any CPU
		{201C0061-9411-4A3C-A36D-88C8F5605118}.Debug|Any CPU.Build.0 = Debug|Any CPU
		{201C0061-9411-4A3C-A36D-88C8F5605118}.Release|Any CPU.ActiveCfg = Release|Any CPU
		{201C0061-9411-4A3C-A36D-88C8F5605118}.Release|Any CPU.Build.0 = Release|Any CPU
	EndGlobalSection
	GlobalSection(SolutionProperties) = preSolution
		HideSolutionNode = FALSE
	EndGlobalSection
	GlobalSection(ExtensibilityGlobals) = postSolution
		SolutionGuid = {E729556C-131B-41FC-9C6A-3AF6958FD01A}
	EndGlobalSection
EndGlobal
